
Microsoft Visual Studio Solution File, Format Version 12.00
# Visual Studio Version 16
VisualStudioVersion = 16.0.30413.136
MinimumVisualStudioVersion = 10.0.40219.1
Project("{FAE04EC0-301F-11D3-BF4B-00C04F79EFBC}") = "DataStructure", "DataStructure\DataStructure.csproj", "{0183C586-1586-44EE-BCF0-B40182AA89F6}"
EndProject
Project("{FAE04EC0-301F-11D3-BF4B-00C04F79EFBC}") = "DataStructureInstanceTest", "TreeTest\DataStructureInstanceTest.csproj", "{A38079E1-8DDA-470E-ACB8-8848DBBC84AF}"
EndProject
Global
	GlobalSection(SolutionConfigurationPlatforms) = preSolution
		Debug|Any CPU = Debug|Any CPU
		Release|Any CPU = Release|Any CPU
	EndGlobalSection
	GlobalSection(ProjectConfigurationPlatforms) = postSolution
		{0183C586-1586-44EE-BCF0-B40182AA89F6}.Debug|Any CPU.ActiveCfg = Debug|Any CPU
		{0183C586-1586-44EE-BCF0-B40182AA89F6}.Debug|Any CPU.Build.0 = Debug|Any CPU
		{0183C586-1586-44EE-BCF0-B40182AA89F6}.Release|Any CPU.ActiveCfg = Release|Any CPU
		{0183C586-1586-44EE-BCF0-B40182AA89F6}.Release|Any CPU.Build.0 = Release|Any CPU
		{A38079E1-8DDA-470E-ACB8-8848DBBC84AF}.Debug|Any CPU.ActiveCfg = Debug|Any CPU
		{A38079E1-8DDA-470E-ACB8-8848DBBC84AF}.Debug|Any CPU.Build.0 = Debug|Any CPU
		{A38079E1-8DDA-470E-ACB8-8848DBBC84AF}.Release|Any CPU.ActiveCfg = Release|Any CPU
		{A38079E1-8DDA-470E-ACB8-8848DBBC84AF}.Release|Any CPU.Build.0 = Release|Any CPU
	EndGlobalSection
	GlobalSection(SolutionProperties) = preSolution
		HideSolutionNode = FALSE
	EndGlobalSection
	GlobalSection(ExtensibilityGlobals) = postSolution
		SolutionGuid = {45CA679E-4F38-45BB-BBF3-A75160548D24}
	EndGlobalSection
EndGlobal
